
Microsoft Visual Studio Solution File, Format Version 12.00
# Visual Studio Version 17
VisualStudioVersion = 17.0.32112.339
MinimumVisualStudioVersion = 10.0.40219.1
Project("{FAE04EC0-301F-11D3-BF4B-00C04F79EFBC}") = "Assembly-CSharp", "Assembly-CSharp.csproj", "{82973107-87AB-1FE1-C05C-4A7FCE55263D}"
EndProject
Project("{FAE04EC0-301F-11D3-BF4B-00C04F79EFBC}") = "Assembly-CSharp-firstpass", "Assembly-CSharp-firstpass.csproj", "{E333DDD4-880D-D723-23D3-8DBE04019ACE}"
EndProject
Project("{FAE04EC0-301F-11D3-BF4B-00C04F79EFBC}") = "Assembly-CSharp-Editor", "Assembly-CSharp-Editor.csproj", "{CDD7AEBB-DA20-DB11-D2F4-651F79A45221}"
EndProject
Project("{FAE04EC0-301F-11D3-BF4B-00C04F79EFBC}") = "Assembly-CSharp-Editor-firstpass", "Assembly-CSharp-Editor-firstpass.csproj", "{80BC996B-61C9-FFAF-EA5A-54D2F54DABCD}"
EndProject
Global
	GlobalSection(SolutionConfigurationPlatforms) = preSolution
		Debug|Any CPU = Debug|Any CPU
		Release|Any CPU = Release|Any CPU
	EndGlobalSection
	GlobalSection(ProjectConfigurationPlatforms) = postSolution
		{82973107-87AB-1FE1-C05C-4A7FCE55263D}.Debug|Any CPU.ActiveCfg = Debug|Any CPU
		{82973107-87AB-1FE1-C05C-4A7FCE55263D}.Debug|Any CPU.Build.0 = Debug|Any CPU
		{82973107-87AB-1FE1-C05C-4A7FCE55263D}.Release|Any CPU.ActiveCfg = Release|Any CPU
		{82973107-87AB-1FE1-C05C-4A7FCE55263D}.Release|Any CPU.Build.0 = Release|Any CPU
		{E333DDD4-880D-D723-23D3-8DBE04019ACE}.Debug|Any CPU.ActiveCfg = Debug|Any CPU
		{E333DDD4-880D-D723-23D3-8DBE04019ACE}.Debug|Any CPU.Build.0 = Debug|Any CPU
		{E333DDD4-880D-D723-23D3-8DBE04019ACE}.Release|Any CPU.ActiveCfg = Release|Any CPU
		{E333DDD4-880D-D723-23D3-8DBE04019ACE}.Release|Any CPU.Build.0 = Release|Any CPU
		{CDD7AEBB-DA20-DB11-D2F4-651F79A45221}.Debug|Any CPU.ActiveCfg = Debug|Any CPU
		{CDD7AEBB-DA20-DB11-D2F4-651F79A45221}.Debug|Any CPU.Build.0 = Debug|Any CPU
		{CDD7AEBB-DA20-DB11-D2F4-651F79A45221}.Release|Any CPU.ActiveCfg = Release|Any CPU
		{CDD7AEBB-DA20-DB11-D2F4-651F79A45221}.Release|Any CPU.Build.0 = Release|Any CPU
		{80BC996B-61C9-FFAF-EA5A-54D2F54DABCD}.Debug|Any CPU.ActiveCfg = Debug|Any CPU
		{80BC996B-61C9-FFAF-EA5A-54D2F54DABCD}.Debug|Any CPU.Build.0 = Debug|Any CPU
		{80BC996B-61C9-FFAF-EA5A-54D2F54DABCD}.Release|Any CPU.ActiveCfg = Release|Any CPU
		{80BC996B-61C9-FFAF-EA5A-54D2F54DABCD}.Release|Any CPU.Build.0 = Release|Any CPU
	EndGlobalSection
	GlobalSection(SolutionProperties) = preSolution
		HideSolutionNode = FALSE
	EndGlobalSection
	GlobalSection(ExtensibilityGlobals) = postSolution
		SolutionGuid = {B4749E41-2F6C-4659-B4F5-D5AB1D810F85}
	EndGlobalSection
EndGlobal
